
Microsoft Visual Studio Solution File, Format Version 12.00
# Visual Studio Version 16
VisualStudioVersion = 16.0.29215.179
MinimumVisualStudioVersion = 10.0.40219.1
Project("{8BC9CEB8-8B4A-11D0-8D11-00A0C91BC942}") = "ivan 7.2", "ivan 7.2\ivan 7.2.vcxproj", "{B07B3CB2-1369-4053-B54C-E24E31EAB4B7}"
EndProject
Global
	GlobalSection(SolutionConfigurationPlatforms) = preSolution
		Debug|x64 = Debug|x64
		Debug|x86 = Debug|x86
		Release|x64 = Release|x64
		Release|x86 = Release|x86
	EndGlobalSection
	GlobalSection(ProjectConfigurationPlatforms) = postSolution
		{B07B3CB2-1369-4053-B54C-E24E31EAB4B7}.Debug|x64.ActiveCfg = Debug|x64
		{B07B3CB2-1369-4053-B54C-E24E31EAB4B7}.Debug|x64.Build.0 = Debug|x64
		{B07B3CB2-1369-4053-B54C-E24E31EAB4B7}.Debug|x86.ActiveCfg = Debug|Win32
		{B07B3CB2-1369-4053-B54C-E24E31EAB4B7}.Debug|x86.Build.0 = Debug|Win32
		{B07B3CB2-1369-4053-B54C-E24E31EAB4B7}.Release|x64.ActiveCfg = Release|x64
		{B07B3CB2-1369-4053-B54C-E24E31EAB4B7}.Release|x64.Build.0 = Release|x64
		{B07B3CB2-1369-4053-B54C-E24E31EAB4B7}.Release|x86.ActiveCfg = Release|Win32
		{B07B3CB2-1369-4053-B54C-E24E31EAB4B7}.Release|x86.Build.0 = Release|Win32
	EndGlobalSection
	GlobalSection(SolutionProperties) = preSolution
		HideSolutionNode = FALSE
	EndGlobalSection
	GlobalSection(ExtensibilityGlobals) = postSolution
		SolutionGuid = {977FEDA7-16BE-48AB-BAF1-B2E0DF3E4399}
	EndGlobalSection
EndGlobal
